
Microsoft Visual Studio Solution File, Format Version 12.00
# Visual Studio 2013
VisualStudioVersion = 12.0.30723.0
MinimumVisualStudioVersion = 10.0.40219.1
Project("{FAE04EC0-301F-11D3-BF4B-00C04F79EFBC}") = "UniversalAnalytics", "UniversalAnalytics\UniversalAnalytics.csproj", "{7C6C7F90-BCC6-42F0-8C08-E4C987803993}"
EndProject
Project("{FAE04EC0-301F-11D3-BF4B-00C04F79EFBC}") = "UniversalAnalytics.ASPSample", "UniversalAnalytics.ASPSample\UniversalAnalytics.ASPSample.csproj", "{E5002976-A203-4186-AA0E-3E60ECD365AD}"
EndProject
Global
	GlobalSection(TeamFoundationVersionControl) = preSolution
		SccNumberOfProjects = 3
		SccEnterpriseProvider = {4CA58AB2-18FA-4F8D-95D4-32DDF27D184C}
		SccTeamFoundationServer = https://echovoice.visualstudio.com/defaultcollection
		SccLocalPath0 = .
		SccProjectUniqueName1 = UniversalAnalytics.ASPSample\\UniversalAnalytics.ASPSample.csproj
		SccProjectName1 = UniversalAnalytics.ASPSample
		SccLocalPath1 = UniversalAnalytics.ASPSample
		SccProjectUniqueName2 = UniversalAnalytics\\UniversalAnalytics.csproj
		SccProjectName2 = UniversalAnalytics
		SccLocalPath2 = UniversalAnalytics
	EndGlobalSection
	GlobalSection(SolutionConfigurationPlatforms) = preSolution
		Debug|Any CPU = Debug|Any CPU
		Release|Any CPU = Release|Any CPU
	EndGlobalSection
	GlobalSection(ProjectConfigurationPlatforms) = postSolution
		{7C6C7F90-BCC6-42F0-8C08-E4C987803993}.Debug|Any CPU.ActiveCfg = Debug|Any CPU
		{7C6C7F90-BCC6-42F0-8C08-E4C987803993}.Debug|Any CPU.Build.0 = Debug|Any CPU
		{7C6C7F90-BCC6-42F0-8C08-E4C987803993}.Release|Any CPU.ActiveCfg = Release|Any CPU
		{7C6C7F90-BCC6-42F0-8C08-E4C987803993}.Release|Any CPU.Build.0 = Release|Any CPU
		{E5002976-A203-4186-AA0E-3E60ECD365AD}.Debug|Any CPU.ActiveCfg = Debug|Any CPU
		{E5002976-A203-4186-AA0E-3E60ECD365AD}.Debug|Any CPU.Build.0 = Debug|Any CPU
		{E5002976-A203-4186-AA0E-3E60ECD365AD}.Release|Any CPU.ActiveCfg = Release|Any CPU
		{E5002976-A203-4186-AA0E-3E60ECD365AD}.Release|Any CPU.Build.0 = Release|Any CPU
	EndGlobalSection
	GlobalSection(SolutionProperties) = preSolution
		HideSolutionNode = FALSE
	EndGlobalSection
EndGlobal
